
Microsoft Visual Studio Solution File, Format Version 12.00
# Visual Studio Version 17
VisualStudioVersion = 17.0.32112.339
MinimumVisualStudioVersion = 10.0.40219.1
Project("{9A19103F-16F7-4668-BE54-9A1E7A4F7556}") = "SenDev.Xaf.Dashboards", "Libraries\SenDev.Xaf.Dashboards\SenDev.Xaf.Dashboards.csproj", "{4D917657-12F3-4391-9DA4-32FD3756579E}"
EndProject
Project("{9A19103F-16F7-4668-BE54-9A1E7A4F7556}") = "SenDev.Xaf.Dashboards.Web", "Libraries\SenDev.Xaf.Dashboards.Web\SenDev.Xaf.Dashboards.Web.csproj", "{EF3E2394-BB3A-44EC-B7B9-314A0CC3B8FB}"
EndProject
Project("{9A19103F-16F7-4668-BE54-9A1E7A4F7556}") = "SenDev.Xaf.Dashboards.Win", "Libraries\SenDev.Xaf.Dashboards.Win\SenDev.Xaf.Dashboards.Win.csproj", "{DA2F9100-A85C-424F-90AA-AB8CF8504A98}"
EndProject
Project("{2150E333-8FDC-42A3-9474-1A3956D46DE8}") = "Demo", "Demo", "{2E0BB36F-BE22-474D-B62B-1B53E04E199C}"
EndProject
Project("{9A19103F-16F7-4668-BE54-9A1E7A4F7556}") = "SenDev.DashboardsDemo.Module", "Demo\SenDev.DashboardsDemo.Module\SenDev.DashboardsDemo.Module.csproj", "{5F15837D-D1E5-44DC-92F0-4F2EBE9C3F8D}"
EndProject
Project("{FAE04EC0-301F-11D3-BF4B-00C04F79EFBC}") = "SenDev.DashboardsDemo.Module.Web", "Demo\SenDev.DashboardsDemo.Module.Web\SenDev.DashboardsDemo.Module.Web.csproj", "{0C729AAD-7626-4668-A7F1-35F7D240489D}"
EndProject
Project("{FAE04EC0-301F-11D3-BF4B-00C04F79EFBC}") = "SenDev.DashboardsDemo.Module.Win", "Demo\SenDev.DashboardsDemo.Module.Win\SenDev.DashboardsDemo.Module.Win.csproj", "{7964F87D-BC5D-4C4E-8B2F-71E89739AA97}"
EndProject
Project("{FAE04EC0-301F-11D3-BF4B-00C04F79EFBC}") = "SenDev.DashboardsDemo.Web", "Demo\SenDev.DashboardsDemo.Web\SenDev.DashboardsDemo.Web.csproj", "{82A6DBC9-B1B4-44E4-9718-55DF930CD349}"
EndProject
Project("{9A19103F-16F7-4668-BE54-9A1E7A4F7556}") = "SenDev.DashboardsDemo.Win", "Demo\SenDev.DashboardsDemo.Win\SenDev.DashboardsDemo.Win.csproj", "{D05D93DF-312D-4D4E-B980-726871EC7833}"
EndProject
Project("{2150E333-8FDC-42A3-9474-1A3956D46DE8}") = "Libraries", "Libraries", "{A4F7E23B-BBF6-485A-A5CE-9BB4CD0570BC}"
EndProject
Project("{9A19103F-16F7-4668-BE54-9A1E7A4F7556}") = "UnitTests", "Libraries\UnitTests\UnitTests.csproj", "{B30E1547-3CC8-4A2A-8B33-926E1074E914}"
EndProject
Project("{9A19103F-16F7-4668-BE54-9A1E7A4F7556}") = "SenDev.Xaf.Dashboards.Blazor", "Libraries\SenDev.Xaf.Dashboards.Blazor\SenDev.Xaf.Dashboards.Blazor.csproj", "{624ED9B8-4DCE-47F5-B474-FA904897EFEC}"
EndProject
Project("{9A19103F-16F7-4668-BE54-9A1E7A4F7556}") = "SenDev.DashboardsDemo.Module.Blazor", "Demo\SenDev.DashboardsDemo.Module.Blazor\SenDev.DashboardsDemo.Module.Blazor.csproj", "{250F6594-4B7E-43BE-A358-9DCD824CB512}"
EndProject
Project("{9A19103F-16F7-4668-BE54-9A1E7A4F7556}") = "SenDev.DashboardsDemo.Blazor.Server", "Demo\SenDev.DashboardsDemo.Blazor.Server\SenDev.DashboardsDemo.Blazor.Server.csproj", "{FCD73F1C-8D26-4195-A745-D201C45B1451}"
EndProject
Project("{9A19103F-16F7-4668-BE54-9A1E7A4F7556}") = "UnitTests.NetCore", "Libraries\UnitTests.NetCore\UnitTests.NetCore.csproj", "{D1E569EF-C194-45A4-ABE7-342FCC4E9C21}"
EndProject
Project("{9A19103F-16F7-4668-BE54-9A1E7A4F7556}") = "UnitTests.Common", "Libraries\UnitTests.Common\UnitTests.Common.csproj", "{BD130A27-6FF9-4CD6-A7F7-1964DFDA3036}"
EndProject
Project("{9A19103F-16F7-4668-BE54-9A1E7A4F7556}") = "SenDev.Xaf.Dashboard.CSScriptCompiler", "Libraries\SenDev.Xaf.Dashboard.CSScript\SenDev.Xaf.Dashboard.CSScriptCompiler.csproj", "{648948B0-80FF-47F4-93D5-7B39329BF2F3}"
EndProject
Global
	GlobalSection(SolutionConfigurationPlatforms) = preSolution
		Debug|Any CPU = Debug|Any CPU
		EasyTest|Any CPU = EasyTest|Any CPU
		Release|Any CPU = Release|Any CPU
	EndGlobalSection
	GlobalSection(ProjectConfigurationPlatforms) = postSolution
		{4D917657-12F3-4391-9DA4-32FD3756579E}.Debug|Any CPU.ActiveCfg = Debug|Any CPU
		{4D917657-12F3-4391-9DA4-32FD3756579E}.Debug|Any CPU.Build.0 = Debug|Any CPU
		{4D917657-12F3-4391-9DA4-32FD3756579E}.EasyTest|Any CPU.ActiveCfg = EasyTest|Any CPU
		{4D917657-12F3-4391-9DA4-32FD3756579E}.EasyTest|Any CPU.Build.0 = EasyTest|Any CPU
		{4D917657-12F3-4391-9DA4-32FD3756579E}.Release|Any CPU.ActiveCfg = Release|Any CPU
		{4D917657-12F3-4391-9DA4-32FD3756579E}.Release|Any CPU.Build.0 = Release|Any CPU
		{EF3E2394-BB3A-44EC-B7B9-314A0CC3B8FB}.Debug|Any CPU.ActiveCfg = Debug|Any CPU
		{EF3E2394-BB3A-44EC-B7B9-314A0CC3B8FB}.Debug|Any CPU.Build.0 = Debug|Any CPU
		{EF3E2394-BB3A-44EC-B7B9-314A0CC3B8FB}.EasyTest|Any CPU.ActiveCfg = EasyTest|Any CPU
		{EF3E2394-BB3A-44EC-B7B9-314A0CC3B8FB}.EasyTest|Any CPU.Build.0 = EasyTest|Any CPU
		{EF3E2394-BB3A-44EC-B7B9-314A0CC3B8FB}.Release|Any CPU.ActiveCfg = Release|Any CPU
		{EF3E2394-BB3A-44EC-B7B9-314A0CC3B8FB}.Release|Any CPU.Build.0 = Release|Any CPU
		{DA2F9100-A85C-424F-90AA-AB8CF8504A98}.Debug|Any CPU.ActiveCfg = Debug|Any CPU
		{DA2F9100-A85C-424F-90AA-AB8CF8504A98}.Debug|Any CPU.Build.0 = Debug|Any CPU
		{DA2F9100-A85C-424F-90AA-AB8CF8504A98}.EasyTest|Any CPU.ActiveCfg = EasyTest|Any CPU
		{DA2F9100-A85C-424F-90AA-AB8CF8504A98}.EasyTest|Any CPU.Build.0 = EasyTest|Any CPU
		{DA2F9100-A85C-424F-90AA-AB8CF8504A98}.Release|Any CPU.ActiveCfg = Release|Any CPU
		{DA2F9100-A85C-424F-90AA-AB8CF8504A98}.Release|Any CPU.Build.0 = Release|Any CPU
		{5F15837D-D1E5-44DC-92F0-4F2EBE9C3F8D}.Debug|Any CPU.ActiveCfg = Debug|Any CPU
		{5F15837D-D1E5-44DC-92F0-4F2EBE9C3F8D}.Debug|Any CPU.Build.0 = Debug|Any CPU
		{5F15837D-D1E5-44DC-92F0-4F2EBE9C3F8D}.EasyTest|Any CPU.ActiveCfg = EasyTest|Any CPU
		{5F15837D-D1E5-44DC-92F0-4F2EBE9C3F8D}.EasyTest|Any CPU.Build.0 = EasyTest|Any CPU
		{5F15837D-D1E5-44DC-92F0-4F2EBE9C3F8D}.Release|Any CPU.ActiveCfg = Release|Any CPU
		{5F15837D-D1E5-44DC-92F0-4F2EBE9C3F8D}.Release|Any CPU.Build.0 = Release|Any CPU
		{0C729AAD-7626-4668-A7F1-35F7D240489D}.Debug|Any CPU.ActiveCfg = Debug|Any CPU
		{0C729AAD-7626-4668-A7F1-35F7D240489D}.Debug|Any CPU.Build.0 = Debug|Any CPU
		{0C729AAD-7626-4668-A7F1-35F7D240489D}.EasyTest|Any CPU.ActiveCfg = EasyTest|Any CPU
		{0C729AAD-7626-4668-A7F1-35F7D240489D}.EasyTest|Any CPU.Build.0 = EasyTest|Any CPU
		{0C729AAD-7626-4668-A7F1-35F7D240489D}.Release|Any CPU.ActiveCfg = Release|Any CPU
		{0C729AAD-7626-4668-A7F1-35F7D240489D}.Release|Any CPU.Build.0 = Release|Any CPU
		{7964F87D-BC5D-4C4E-8B2F-71E89739AA97}.Debug|Any CPU.ActiveCfg = Debug|Any CPU
		{7964F87D-BC5D-4C4E-8B2F-71E89739AA97}.Debug|Any CPU.Build.0 = Debug|Any CPU
		{7964F87D-BC5D-4C4E-8B2F-71E89739AA97}.EasyTest|Any CPU.ActiveCfg = EasyTest|Any CPU
		{7964F87D-BC5D-4C4E-8B2F-71E89739AA97}.EasyTest|Any CPU.Build.0 = EasyTest|Any CPU
		{7964F87D-BC5D-4C4E-8B2F-71E89739AA97}.Release|Any CPU.ActiveCfg = Release|Any CPU
		{7964F87D-BC5D-4C4E-8B2F-71E89739AA97}.Release|Any CPU.Build.0 = Release|Any CPU
		{82A6DBC9-B1B4-44E4-9718-55DF930CD349}.Debug|Any CPU.ActiveCfg = Debug|Any CPU
		{82A6DBC9-B1B4-44E4-9718-55DF930CD349}.Debug|Any CPU.Build.0 = Debug|Any CPU
		{82A6DBC9-B1B4-44E4-9718-55DF930CD349}.EasyTest|Any CPU.ActiveCfg = EasyTest|Any CPU
		{82A6DBC9-B1B4-44E4-9718-55DF930CD349}.EasyTest|Any CPU.Build.0 = EasyTest|Any CPU
		{82A6DBC9-B1B4-44E4-9718-55DF930CD349}.Release|Any CPU.ActiveCfg = Release|Any CPU
		{82A6DBC9-B1B4-44E4-9718-55DF930CD349}.Release|Any CPU.Build.0 = Release|Any CPU
		{D05D93DF-312D-4D4E-B980-726871EC7833}.Debug|Any CPU.ActiveCfg = Debug|Any CPU
		{D05D93DF-312D-4D4E-B980-726871EC7833}.Debug|Any CPU.Build.0 = Debug|Any CPU
		{D05D93DF-312D-4D4E-B980-726871EC7833}.EasyTest|Any CPU.ActiveCfg = EasyTest|Any CPU
		{D05D93DF-312D-4D4E-B980-726871EC7833}.EasyTest|Any CPU.Build.0 = EasyTest|Any CPU
		{D05D93DF-312D-4D4E-B980-726871EC7833}.Release|Any CPU.ActiveCfg = Release|Any CPU
		{D05D93DF-312D-4D4E-B980-726871EC7833}.Release|Any CPU.Build.0 = Release|Any CPU
		{B30E1547-3CC8-4A2A-8B33-926E1074E914}.Debug|Any CPU.ActiveCfg = Debug|Any CPU
		{B30E1547-3CC8-4A2A-8B33-926E1074E914}.Debug|Any CPU.Build.0 = Debug|Any CPU
		{B30E1547-3CC8-4A2A-8B33-926E1074E914}.EasyTest|Any CPU.ActiveCfg = Release|Any CPU
		{B30E1547-3CC8-4A2A-8B33-926E1074E914}.EasyTest|Any CPU.Build.0 = Release|Any CPU
		{B30E1547-3CC8-4A2A-8B33-926E1074E914}.Release|Any CPU.ActiveCfg = Release|Any CPU
		{B30E1547-3CC8-4A2A-8B33-926E1074E914}.Release|Any CPU.Build.0 = Release|Any CPU
		{624ED9B8-4DCE-47F5-B474-FA904897EFEC}.Debug|Any CPU.ActiveCfg = Debug|Any CPU
		{624ED9B8-4DCE-47F5-B474-FA904897EFEC}.Debug|Any CPU.Build.0 = Debug|Any CPU
		{624ED9B8-4DCE-47F5-B474-FA904897EFEC}.EasyTest|Any CPU.ActiveCfg = EasyTest|Any CPU
		{624ED9B8-4DCE-47F5-B474-FA904897EFEC}.EasyTest|Any CPU.Build.0 = EasyTest|Any CPU
		{624ED9B8-4DCE-47F5-B474-FA904897EFEC}.Release|Any CPU.ActiveCfg = Release|Any CPU
		{624ED9B8-4DCE-47F5-B474-FA904897EFEC}.Release|Any CPU.Build.0 = Release|Any CPU
		{250F6594-4B7E-43BE-A358-9DCD824CB512}.Debug|Any CPU.ActiveCfg = Debug|Any CPU
		{250F6594-4B7E-43BE-A358-9DCD824CB512}.Debug|Any CPU.Build.0 = Debug|Any CPU
		{250F6594-4B7E-43BE-A358-9DCD824CB512}.EasyTest|Any CPU.ActiveCfg = EasyTest|Any CPU
		{250F6594-4B7E-43BE-A358-9DCD824CB512}.EasyTest|Any CPU.Build.0 = EasyTest|Any CPU
		{250F6594-4B7E-43BE-A358-9DCD824CB512}.Release|Any CPU.ActiveCfg = Release|Any CPU
		{250F6594-4B7E-43BE-A358-9DCD824CB512}.Release|Any CPU.Build.0 = Release|Any CPU
		{FCD73F1C-8D26-4195-A745-D201C45B1451}.Debug|Any CPU.ActiveCfg = Debug|Any CPU
		{FCD73F1C-8D26-4195-A745-D201C45B1451}.Debug|Any CPU.Build.0 = Debug|Any CPU
		{FCD73F1C-8D26-4195-A745-D201C45B1451}.EasyTest|Any CPU.ActiveCfg = EasyTest|Any CPU
		{FCD73F1C-8D26-4195-A745-D201C45B1451}.EasyTest|Any CPU.Build.0 = EasyTest|Any CPU
		{FCD73F1C-8D26-4195-A745-D201C45B1451}.Release|Any CPU.ActiveCfg = Release|Any CPU
		{FCD73F1C-8D26-4195-A745-D201C45B1451}.Release|Any CPU.Build.0 = Release|Any CPU
		{D1E569EF-C194-45A4-ABE7-342FCC4E9C21}.Debug|Any CPU.ActiveCfg = Debug|Any CPU
		{D1E569EF-C194-45A4-ABE7-342FCC4E9C21}.Debug|Any CPU.Build.0 = Debug|Any CPU
		{D1E569EF-C194-45A4-ABE7-342FCC4E9C21}.EasyTest|Any CPU.ActiveCfg = Debug|Any CPU
		{D1E569EF-C194-45A4-ABE7-342FCC4E9C21}.EasyTest|Any CPU.Build.0 = Debug|Any CPU
		{D1E569EF-C194-45A4-ABE7-342FCC4E9C21}.Release|Any CPU.ActiveCfg = Release|Any CPU
		{D1E569EF-C194-45A4-ABE7-342FCC4E9C21}.Release|Any CPU.Build.0 = Release|Any CPU
		{BD130A27-6FF9-4CD6-A7F7-1964DFDA3036}.Debug|Any CPU.ActiveCfg = Debug|Any CPU
		{BD130A27-6FF9-4CD6-A7F7-1964DFDA3036}.Debug|Any CPU.Build.0 = Debug|Any CPU
		{BD130A27-6FF9-4CD6-A7F7-1964DFDA3036}.EasyTest|Any CPU.ActiveCfg = Debug|Any CPU
		{BD130A27-6FF9-4CD6-A7F7-1964DFDA3036}.EasyTest|Any CPU.Build.0 = Debug|Any CPU
		{BD130A27-6FF9-4CD6-A7F7-1964DFDA3036}.Release|Any CPU.ActiveCfg = Release|Any CPU
		{BD130A27-6FF9-4CD6-A7F7-1964DFDA3036}.Release|Any CPU.Build.0 = Release|Any CPU
		{648948B0-80FF-47F4-93D5-7B39329BF2F3}.Debug|Any CPU.ActiveCfg = Debug|Any CPU
		{648948B0-80FF-47F4-93D5-7B39329BF2F3}.Debug|Any CPU.Build.0 = Debug|Any CPU
		{648948B0-80FF-47F4-93D5-7B39329BF2F3}.EasyTest|Any CPU.ActiveCfg = Debug|Any CPU
		{648948B0-80FF-47F4-93D5-7B39329BF2F3}.EasyTest|Any CPU.Build.0 = Debug|Any CPU
		{648948B0-80FF-47F4-93D5-7B39329BF2F3}.Release|Any CPU.ActiveCfg = Release|Any CPU
		{648948B0-80FF-47F4-93D5-7B39329BF2F3}.Release|Any CPU.Build.0 = Release|Any CPU
	EndGlobalSection
	GlobalSection(SolutionProperties) = preSolution
		HideSolutionNode = FALSE
	EndGlobalSection
	GlobalSection(NestedProjects) = preSolution
		{4D917657-12F3-4391-9DA4-32FD3756579E} = {A4F7E23B-BBF6-485A-A5CE-9BB4CD0570BC}
		{EF3E2394-BB3A-44EC-B7B9-314A0CC3B8FB} = {A4F7E23B-BBF6-485A-A5CE-9BB4CD0570BC}
		{DA2F9100-A85C-424F-90AA-AB8CF8504A98} = {A4F7E23B-BBF6-485A-A5CE-9BB4CD0570BC}
		{5F15837D-D1E5-44DC-92F0-4F2EBE9C3F8D} = {2E0BB36F-BE22-474D-B62B-1B53E04E199C}
		{0C729AAD-7626-4668-A7F1-35F7D240489D} = {2E0BB36F-BE22-474D-B62B-1B53E04E199C}
		{7964F87D-BC5D-4C4E-8B2F-71E89739AA97} = {2E0BB36F-BE22-474D-B62B-1B53E04E199C}
		{82A6DBC9-B1B4-44E4-9718-55DF930CD349} = {2E0BB36F-BE22-474D-B62B-1B53E04E199C}
		{D05D93DF-312D-4D4E-B980-726871EC7833} = {2E0BB36F-BE22-474D-B62B-1B53E04E199C}
		{B30E1547-3CC8-4A2A-8B33-926E1074E914} = {A4F7E23B-BBF6-485A-A5CE-9BB4CD0570BC}
		{624ED9B8-4DCE-47F5-B474-FA904897EFEC} = {A4F7E23B-BBF6-485A-A5CE-9BB4CD0570BC}
		{250F6594-4B7E-43BE-A358-9DCD824CB512} = {2E0BB36F-BE22-474D-B62B-1B53E04E199C}
		{FCD73F1C-8D26-4195-A745-D201C45B1451} = {2E0BB36F-BE22-474D-B62B-1B53E04E199C}
		{D1E569EF-C194-45A4-ABE7-342FCC4E9C21} = {A4F7E23B-BBF6-485A-A5CE-9BB4CD0570BC}
		{BD130A27-6FF9-4CD6-A7F7-1964DFDA3036} = {A4F7E23B-BBF6-485A-A5CE-9BB4CD0570BC}
		{648948B0-80FF-47F4-93D5-7B39329BF2F3} = {A4F7E23B-BBF6-485A-A5CE-9BB4CD0570BC}
	EndGlobalSection
	GlobalSection(ExtensibilityGlobals) = postSolution
		SolutionGuid = {6AAB11CF-4CB4-421E-99E6-E9EAA81181F8}
	EndGlobalSection
EndGlobal
